
Microsoft Visual Studio Solution File, Format Version 12.00
# Visual Studio 2012
Project("{8BC9CEB8-8B4A-11D0-8D11-00A0C91BC942}") = "Duilib", "Duilib\Duilib.vcxproj", "{7D419328-2580-4953-A320-A904DD4AFA1E}"
EndProject
Project("{8BC9CEB8-8B4A-11D0-8D11-00A0C91BC942}") = "SysCtrl", "SysCtrl\SysCtrl.vcxproj", "{1AD08EA3-54CB-4841-898C-679E57A9EF91}"
EndProject
Project("{8BC9CEB8-8B4A-11D0-8D11-00A0C91BC942}") = "Testing", "Testing\Testing.vcxproj", "{C25C14E6-33C5-41ED-8D37-5EA2A733DF9D}"
EndProject
Global
	GlobalSection(SolutionConfigurationPlatforms) = preSolution
		Debug|Win32 = Debug|Win32
		Release|Win32 = Release|Win32
	EndGlobalSection
	GlobalSection(ProjectConfigurationPlatforms) = postSolution
		{7D419328-2580-4953-A320-A904DD4AFA1E}.Debug|Win32.ActiveCfg = Debug|Win32
		{7D419328-2580-4953-A320-A904DD4AFA1E}.Debug|Win32.Build.0 = Debug|Win32
		{7D419328-2580-4953-A320-A904DD4AFA1E}.Debug|Win32.Deploy.0 = Debug|Win32
		{7D419328-2580-4953-A320-A904DD4AFA1E}.Release|Win32.ActiveCfg = Release|Win32
		{7D419328-2580-4953-A320-A904DD4AFA1E}.Release|Win32.Build.0 = Release|Win32
		{7D419328-2580-4953-A320-A904DD4AFA1E}.Release|Win32.Deploy.0 = Release|Win32
		{1AD08EA3-54CB-4841-898C-679E57A9EF91}.Debug|Win32.ActiveCfg = Debug|Win32
		{1AD08EA3-54CB-4841-898C-679E57A9EF91}.Debug|Win32.Build.0 = Debug|Win32
		{1AD08EA3-54CB-4841-898C-679E57A9EF91}.Debug|Win32.Deploy.0 = Debug|Win32
		{1AD08EA3-54CB-4841-898C-679E57A9EF91}.Release|Win32.ActiveCfg = Release|Win32
		{1AD08EA3-54CB-4841-898C-679E57A9EF91}.Release|Win32.Build.0 = Release|Win32
		{1AD08EA3-54CB-4841-898C-679E57A9EF91}.Release|Win32.Deploy.0 = Release|Win32
		{C25C14E6-33C5-41ED-8D37-5EA2A733DF9D}.Debug|Win32.ActiveCfg = Debug|Win32
		{C25C14E6-33C5-41ED-8D37-5EA2A733DF9D}.Debug|Win32.Build.0 = Debug|Win32
		{C25C14E6-33C5-41ED-8D37-5EA2A733DF9D}.Debug|Win32.Deploy.0 = Debug|Win32
		{C25C14E6-33C5-41ED-8D37-5EA2A733DF9D}.Release|Win32.ActiveCfg = Release|Win32
		{C25C14E6-33C5-41ED-8D37-5EA2A733DF9D}.Release|Win32.Build.0 = Release|Win32
		{C25C14E6-33C5-41ED-8D37-5EA2A733DF9D}.Release|Win32.Deploy.0 = Release|Win32
	EndGlobalSection
	GlobalSection(SolutionProperties) = preSolution
		HideSolutionNode = FALSE
	EndGlobalSection
EndGlobal
